
Microsoft Visual Studio Solution File, Format Version 12.00
# Visual Studio Version 16
VisualStudioVersion = 16.0.32106.194
MinimumVisualStudioVersion = 10.0.40219.1
Project("{FAE04EC0-301F-11D3-BF4B-00C04F79EFBC}") = "TestProject", "TestProject\TestProject.csproj", "{D2C30A17-4292-45B0-9445-7F4B4EBE9379}"
EndProject
Project("{FAE04EC0-301F-11D3-BF4B-00C04F79EFBC}") = "TestProject.Core", "TestProject.Core\TestProject.Core.csproj", "{EEF08712-0C32-469D-AE46-49C0A8BC4FEE}"
EndProject
Global
	GlobalSection(SolutionConfigurationPlatforms) = preSolution
		Debug|Any CPU = Debug|Any CPU
		Release|Any CPU = Release|Any CPU
	EndGlobalSection
	GlobalSection(ProjectConfigurationPlatforms) = postSolution
		{D2C30A17-4292-45B0-9445-7F4B4EBE9379}.Debug|Any CPU.ActiveCfg = Debug|Any CPU
		{D2C30A17-4292-45B0-9445-7F4B4EBE9379}.Debug|Any CPU.Build.0 = Debug|Any CPU
		{D2C30A17-4292-45B0-9445-7F4B4EBE9379}.Release|Any CPU.ActiveCfg = Release|Any CPU
		{D2C30A17-4292-45B0-9445-7F4B4EBE9379}.Release|Any CPU.Build.0 = Release|Any CPU
		{EEF08712-0C32-469D-AE46-49C0A8BC4FEE}.Debug|Any CPU.ActiveCfg = Debug|Any CPU
		{EEF08712-0C32-469D-AE46-49C0A8BC4FEE}.Debug|Any CPU.Build.0 = Debug|Any CPU
		{EEF08712-0C32-469D-AE46-49C0A8BC4FEE}.Release|Any CPU.ActiveCfg = Release|Any CPU
		{EEF08712-0C32-469D-AE46-49C0A8BC4FEE}.Release|Any CPU.Build.0 = Release|Any CPU
	EndGlobalSection
	GlobalSection(SolutionProperties) = preSolution
		HideSolutionNode = FALSE
	EndGlobalSection
	GlobalSection(ExtensibilityGlobals) = postSolution
		SolutionGuid = {F9FF3640-6344-439E-874A-22EA2D069485}
	EndGlobalSection
EndGlobal
